// !$*UTF8*$!
{
	archiveVersion = 1;
	classes = {
	};
	objectVersion = 46;
	objects = {

/* Begin PBXBuildFile section */
		7FF694E26A8C276316FA29DE /* Pods_FunBook.framework in Frameworks */ = {isa = PBXBuildFile; fileRef = DA752360B9AAEAB24735FA96 /* Pods_FunBook.framework */; };
		84D79EBD1FF3758100D26134 /* AppDelegate.swift in Sources */ = {isa = PBXBuildFile; fileRef = 84D79EBC1FF3758100D26134 /* AppDelegate.swift */; };
		84D79EBF1FF3758100D26134 /* ViewController.swift in Sources */ = {isa = PBXBuildFile; fileRef = 84D79EBE1FF3758100D26134 /* ViewController.swift */; };
		84D79EC21FF3758100D26134 /* Main.storyboard in Resources */ = {isa = PBXBuildFile; fileRef = 84D79EC01FF3758100D26134 /* Main.storyboard */; };
		84D79EC41FF3758100D26134 /* Assets.xcassets in Resources */ = {isa = PBXBuildFile; fileRef = 84D79EC31FF3758100D26134 /* Assets.xcassets */; };
		84D79EC71FF3758100D26134 /* LaunchScreen.storyboard in Resources */ = {isa = PBXBuildFile; fileRef = 84D79EC51FF3758100D26134 /* LaunchScreen.storyboard */; };
/* End PBXBuildFile section */

/* Begin PBXFileReference section */
		0AC387EC8C848F7FCBE075DF /* Pods-FunBook.debug.xcconfig */ = {isa = PBXFileReference; includeInIndex = 1; lastKnownFileType = text.xcconfig; name = "Pods-FunBook.debug.xcconfig"; path = "Pods/Target Support Files/Pods-FunBook/Pods-FunBook.debug.xcconfig"; sourceTree = "<group>"; };
		84D79EB91FF3758100D26134 /* FunBook.app */ = {isa = PBXFileReference; explicitFileType = wrapper.application; includeInIndex = 0; path = FunBook.app; sourceTree = BUILT_PRODUCTS_DIR; };
		84D79EBC1FF3758100D26134 /* AppDelegate.swift */ = {isa = PBXFileReference; lastKnownFileType = sourcecode.swift; path = AppDelegate.swift; sourceTree = "<group>"; };
		84D79EBE1FF3758100D26134 /* ViewController.swift */ = {isa = PBXFileReference; lastKnownFileType = sourcecode.swift; path = ViewController.swift; sourceTree = "<group>"; };
		84D79EC11FF3758100D26134 /* Base */ = {isa = PBXFileReference; lastKnownFileType = file.storyboard; name = Base; path = Base.lproj/Main.storyboard; sourceTree = "<group>"; };
		84D79EC31FF3758100D26134 /* Assets.xcassets */ = {isa = PBXFileReference; lastKnownFileType = folder.assetcatalog; path = Assets.xcassets; sourceTree = "<group>"; };
		84D79EC61FF3758100D26134 /* Base */ = {isa = PBXFileReference; lastKnownFileType = file.storyboard; name = Base; path = Base.lproj/LaunchScreen.storyboard; sourceTree = "<group>"; };
		84D79EC81FF3758100D26134 /* Info.plist */ = {isa = PBXFileReference; lastKnownFileType = text.plist.xml; path = Info.plist; sourceTree = "<group>"; };
		DA30EF44FBE6F426CFBEA044 /* Pods-FunBook.release.xcconfig */ = {isa = PBXFileReference; includeInIndex = 1; lastKnownFileType = text.xcconfig; name = "Pods-FunBook.release.xcconfig"; path = "Pods/Target Support Files/Pods-FunBook/Pods-FunBook.release.xcconfig"; sourceTree = "<group>"; };
		DA752360B9AAEAB24735FA96 /* Pods_FunBook.framework */ = {isa = PBXFileReference; explicitFileType = wrapper.framework; includeInIndex = 0; path = Pods_FunBook.framework; sourceTree = BUILT_PRODUCTS_DIR; };
/* End PBXFileReference section */

/* Begin PBXFrameworksBuildPhase section */
		84D79EB61FF3758100D26134 /* Frameworks */ = {
			isa = PBXFrameworksBuildPhase;
			buildActionMask = 2147483647;
			files = (
				7FF694E26A8C276316FA29DE /* Pods_FunBook.framework in Frameworks */,
			);
			runOnlyForDeploymentPostprocessing = 0;
		};
/* End PBXFrameworksBuildPhase section */

/* Begin PBXGroup section */
		3866884E26C52165D30FEA01 /* Frameworks */ = {
			isa = PBXGroup;
			children = (
				DA752360B9AAEAB24735FA96 /* Pods_FunBook.framework */,
			);
			name = Frameworks;
			sourceTree = "<group>";
		};
		84D79EB01FF3758100D26134 = {
			isa = PBXGroup;
			children = (
				84D79EBB1FF3758100D26134 /* FunBook */,
				84D79EBA1FF3758100D26134 /* Products */,
				B581DFC684078799E8C0A129 /* Pods */,
				3866884E26C52165D30FEA01 /* Frameworks */,
			);
			sourceTree = "<group>";
		};
		84D79EBA1FF3758100D26134 /* Products */ = {
			isa = PBXGroup;
			children = (
				84D79EB91FF3758100D26134 /* FunBook.app */,
			);
			name = Products;
			sourceTree = "<group>";
		};
		84D79EBB1FF3758100D26134 /* FunBook */ = {
			isa = PBXGroup;
			children = (
				84D79EBC1FF3758100D26134 /* AppDelegate.swift */,
				84D79EBE1FF3758100D26134 /* ViewController.swift */,
				84D79EC01FF3758100D26134 /* Main.storyboard */,
				84D79EC31FF3758100D26134 /* Assets.xcassets */,
				84D79EC51FF3758100D26134 /* LaunchScreen.storyboard */,
				84D79EC81FF3758100D26134 /* Info.plist */,
			);
			path = FunBook;
			sourceTree = "<group>";
		};
		B581DFC684078799E8C0A129 /* Pods */ = {
			isa = PBXGroup;
			children = (
				0AC387EC8C848F7FCBE075DF /* Pods-FunBook.debug.xcconfig */,
				DA30EF44FBE6F426CFBEA044 /* Pods-FunBook.release.xcconfig */,
			);
			name = Pods;
			sourceTree = "<group>";
		};
/* End PBXGroup section */

/* Begin PBXNativeTarget section */
		84D79EB81FF3758100D26134 /* FunBook */ = {
			isa = PBXNativeTarget;
			buildConfigurationList = 84D79ECB1FF3758100D26134 /* Build configuration list for PBXNativeTarget "FunBook" */;
			buildPhases = (
				54B35CE0959CB347AE69FCCB /* [CP] Check Pods Manifest.lock */,
				84D79EB51FF3758100D26134 /* Sources */,
				84D79EB61FF3758100D26134 /* Frameworks */,
				84D79EB71FF3758100D26134 /* Resources */,
				848859F9236EE15C6C7B6FE4 /* [CP] Embed Pods Frameworks */,
				DFE5739972F2502E279C1960 /* [CP] Copy Pods Resources */,
			);
			buildRules = (
			);
			dependencies = (
			);
			name = FunBook;
			productName = FunBook;
			productReference = 84D79EB91FF3758100D26134 /* FunBook.app */;
			productType = "com.apple.product-type.application";
		};
/* End PBXNativeTarget section */

/* Begin PBXProject section */
		84D79EB11FF3758100D26134 /* Project object */ = {
			isa = PBXProject;
			attributes = {
				LastSwiftUpdateCheck = 0830;
				LastUpgradeCheck = 0830;
				ORGANIZATIONNAME = Techximum;
				TargetAttributes = {
					84D79EB81FF3758100D26134 = {
						CreatedOnToolsVersion = 8.3.3;
						DevelopmentTeam = Z8HU92LYAQ;
						ProvisioningStyle = Automatic;
					};
				};
			};
			buildConfigurationList = 84D79EB41FF3758100D26134 /* Build configuration list for PBXProject "FunBook" */;
			compatibilityVersion = "Xcode 3.2";
			developmentRegion = English;
			hasScannedForEncodings = 0;
			knownRegions = (
				en,
				Base,
			);
			mainGroup = 84D79EB01FF3758100D26134;
			productRefGroup = 84D79EBA1FF3758100D26134 /* Products */;
			projectDirPath = "";
			projectRoot = "";
			targets = (
				84D79EB81FF3758100D26134 /* FunBook */,
			);
		};
/* End PBXProject section */

/* Begin PBXResourcesBuildPhase section */
		84D79EB71FF3758100D26134 /* Resources */ = {
			isa = PBXResourcesBuildPhase;
			buildActionMask = 2147483647;
			files = (
				84D79EC71FF3758100D26134 /* LaunchScreen.storyboard in Resources */,
				84D79EC41FF3758100D26134 /* Assets.xcassets in Resources */,
				84D79EC21FF3758100D26134 /* Main.storyboard in Resources */,
			);
			runOnlyForDeploymentPostprocessing = 0;
		};
/* End PBXResourcesBuildPhase section */

/* Begin PBXShellScriptBuildPhase section */
		54B35CE0959CB347AE69FCCB /* [CP] Check Pods Manifest.lock */ = {
			isa = PBXShellScriptBuildPhase;
			buildActionMask = 2147483647;
			files = (
			);
			inputPaths = (
				"${PODS_PODFILE_DIR_PATH}/Podfile.lock",
				"${PODS_ROOT}/Manifest.lock",
			);
			name = "[CP] Check Pods Manifest.lock";
			outputPaths = (
				"$(DERIVED_FILE_DIR)/Pods-FunBook-checkManifestLockResult.txt",
			);
			runOnlyForDeploymentPostprocessing = 0;
			shellPath = /bin/sh;
			shellScript = "diff \"${PODS_PODFILE_DIR_PATH}/Podfile.lock\" \"${PODS_ROOT}/Manifest.lock\" > /dev/null\nif [ $? != 0 ] ; then\n    # print error to STDERR\n    echo \"error: The sandbox is not in sync with the Podfile.lock. Run 'pod install' or update your CocoaPods installation.\" >&2\n    exit 1\nfi\n# This output is used by Xcode 'outputs' to avoid re-running this script phase.\necho \"SUCCESS\" > \"${SCRIPT_OUTPUT_FILE_0}\"\n";
			showEnvVarsInLog = 0;
		};
		848859F9236EE15C6C7B6FE4 /* [CP] Embed Pods Frameworks */ = {
			isa = PBXShellScriptBuildPhase;
			buildActionMask = 2147483647;
			files = (
			);
			inputPaths = (
				"${SRCROOT}/Pods/Target Support Files/Pods-FunBook/Pods-FunBook-frameworks.sh",
				"${BUILT_PRODUCTS_DIR}/Alamofire/Alamofire.framework",
				"${BUILT_PRODUCTS_DIR}/Gloss/Gloss.framework",
				"${BUILT_PRODUCTS_DIR}/Kingfisher/Kingfisher.framework",
				"${BUILT_PRODUCTS_DIR}/SwiftyUserDefaults/SwiftyUserDefaults.framework",
			);
			name = "[CP] Embed Pods Frameworks";
			outputPaths = (
				"${TARGET_BUILD_DIR}/${FRAMEWORKS_FOLDER_PATH}/Alamofire.framework",
				"${TARGET_BUILD_DIR}/${FRAMEWORKS_FOLDER_PATH}/Gloss.framework",
				"${TARGET_BUILD_DIR}/${FRAMEWORKS_FOLDER_PATH}/Kingfisher.framework",
				"${TARGET_BUILD_DIR}/${FRAMEWORKS_FOLDER_PATH}/SwiftyUserDefaults.framework",
			);
			runOnlyForDeploymentPostprocessing = 0;
			shellPath = /bin/sh;
			shellScript = "\"${SRCROOT}/Pods/Target Support Files/Pods-FunBook/Pods-FunBook-frameworks.sh\"\n";
			showEnvVarsInLog = 0;
		};
		DFE5739972F2502E279C1960 /* [CP] Copy Pods Resources */ = {
			isa = PBXShellScriptBuildPhase;
			buildActionMask = 2147483647;
			files = (
			);
			inputPaths = (
			);
			name = "[CP] Copy Pods Resources";
			outputPaths = (
			);
			runOnlyForDeploymentPostprocessing = 0;
			shellPath = /bin/sh;
			shellScript = "\"${SRCROOT}/Pods/Target Support Files/Pods-FunBook/Pods-FunBook-resources.sh\"\n";
			showEnvVarsInLog = 0;
		};
/* End PBXShellScriptBuildPhase section */

/* Begin PBXSourcesBuildPhase section */
		84D79EB51FF3758100D26134 /* Sources */ = {
			isa = PBXSourcesBuildPhase;
			buildActionMask = 2147483647;
			files = (
				84D79EBF1FF3758100D26134 /* ViewController.swift in Sources */,
				84D79EBD1FF3758100D26134 /* AppDelegate.swift in Sources */,
			);
			runOnlyForDeploymentPostprocessing = 0;
		};
/* End PBXSourcesBuildPhase section */

/* Begin PBXVariantGroup section */
		84D79EC01FF3758100D26134 /* Main.storyboard */ = {
			isa = PBXVariantGroup;
			children = (
				84D79EC11FF3758100D26134 /* Base */,
			);
			name = Main.storyboard;
			sourceTree = "<group>";
		};
		84D79EC51FF3758100D26134 /* LaunchScreen.storyboard */ = {
			isa = PBXVariantGroup;
			children = (
				84D79EC61FF3758100D26134 /* Base */,
			);
			name = LaunchScreen.storyboard;
			sourceTree = "<group>";
		};
/* End PBXVariantGroup section */

/* Begin XCBuildConfiguration section */
		84D79EC91FF3758100D26134 /* Debug */ = {
			isa = XCBuildConfiguration;
			buildSettings = {
				ALWAYS_SEARCH_USER_PATHS = NO;
				CLANG_ANALYZER_NONNULL = YES;
				CLANG_ANALYZER_NUMBER_OBJECT_CONVERSION = YES_AGGRESSIVE;
				CLANG_CXX_LANGUAGE_STANDARD = "gnu++0x";
				CLANG_CXX_LIBRARY = "libc++";
				CLANG_ENABLE_MODULES = YES;
				CLANG_ENABLE_OBJC_ARC = YES;
				CLANG_WARN_BOOL_CONVERSION = YES;
				CLANG_WARN_CONSTANT_CONVERSION = YES;
				CLANG_WARN_DIRECT_OBJC_ISA_USAGE = YES_ERROR;
				CLANG_WARN_DOCUMENTATION_COMMENTS = YES;
				CLANG_WARN_EMPTY_BODY = YES;
				CLANG_WARN_ENUM_CONVERSION = YES;
				CLANG_WARN_INFINITE_RECURSION = YES;
				CLANG_WARN_INT_CONVERSION = YES;
				CLANG_WARN_OBJC_ROOT_CLASS = YES_ERROR;
				CLANG_WARN_SUSPICIOUS_MOVE = YES;
				CLANG_WARN_UNREACHABLE_CODE = YES;
				CLANG_WARN__DUPLICATE_METHOD_MATCH = YES;
				"CODE_SIGN_IDENTITY[sdk=iphoneos*]" = "iPhone Developer";
				COPY_PHASE_STRIP = NO;
				DEBUG_INFORMATION_FORMAT = dwarf;
				ENABLE_STRICT_OBJC_MSGSEND = YES;
				ENABLE_TESTABILITY = YES;
				GCC_C_LANGUAGE_STANDARD = gnu99;
				GCC_DYNAMIC_NO_PIC = NO;
				GCC_NO_COMMON_BLOCKS = YES;
				GCC_OPTIMIZATION_LEVEL = 0;
				GCC_PREPROCESSOR_DEFINITIONS = (
					"DEBUG=1",
					"$(inherited)",
				);
				GCC_WARN_64_TO_32_BIT_CONVERSION = YES;
				GCC_WARN_ABOUT_RETURN_TYPE = YES_ERROR;
				GCC_WARN_UNDECLARED_SELECTOR = YES;
				GCC_WARN_UNINITIALIZED_AUTOS = YES_AGGRESSIVE;
				GCC_WARN_UNUSED_FUNCTION = YES;
				GCC_WARN_UNUSED_VARIABLE = YES;
				IPHONEOS_DEPLOYMENT_TARGET = 10.3;
				MTL_ENABLE_DEBUG_INFO = YES;
				ONLY_ACTIVE_ARCH = YES;
				SDKROOT = iphoneos;
				SWIFT_ACTIVE_COMPILATION_CONDITIONS = DEBUG;
				SWIFT_OPTIMIZATION_LEVEL = "-Onone";
				TARGETED_DEVICE_FAMILY = "1,2";
			};
			name = Debug;
		};
		84D79ECA1FF3758100D26134 /* Release */ = {
			isa = XCBuildConfiguration;
			buildSettings = {
				ALWAYS_SEARCH_USER_PATHS = NO;
				CLANG_ANALYZER_NONNULL = YES;
				CLANG_ANALYZER_NUMBER_OBJECT_CONVERSION = YES_AGGRESSIVE;
				CLANG_CXX_LANGUAGE_STANDARD = "gnu++0x";
				CLANG_CXX_LIBRARY = "libc++";
				CLANG_ENABLE_MODULES = YES;
				CLANG_ENABLE_OBJC_ARC = YES;
				CLANG_WARN_BOOL_CONVERSION = YES;
				CLANG_WARN_CONSTANT_CONVERSION = YES;
				CLANG_WARN_DIRECT_OBJC_ISA_USAGE = YES_ERROR;
				CLANG_WARN_DOCUMENTATION_COMMENTS = YES;
				CLANG_WARN_EMPTY_BODY = YES;
				CLANG_WARN_ENUM_CONVERSION = YES;
				CLANG_WARN_INFINITE_RECURSION = YES;
				CLANG_WARN_INT_CONVERSION = YES;
				CLANG_WARN_OBJC_ROOT_CLASS = YES_ERROR;
				CLANG_WARN_SUSPICIOUS_MOVE = YES;
				CLANG_WARN_UNREACHABLE_CODE = YES;
				CLANG_WARN__DUPLICATE_METHOD_MATCH = YES;
				"CODE_SIGN_IDENTITY[sdk=iphoneos*]" = "iPhone Developer";
				COPY_PHASE_STRIP = NO;
				DEBUG_INFORMATION_FORMAT = "dwarf-with-dsym";
				ENABLE_NS_ASSERTIONS = NO;
				ENABLE_STRICT_OBJC_MSGSEND = YES;
				GCC_C_LANGUAGE_STANDARD = gnu99;
				GCC_NO_COMMON_BLOCKS = YES;
				GCC_WARN_64_TO_32_BIT_CONVERSION = YES;
				GCC_WARN_ABOUT_RETURN_TYPE = YES_ERROR;
				GCC_WARN_UNDECLARED_SELECTOR = YES;
				GCC_WARN_UNINITIALIZED_AUTOS = YES_AGGRESSIVE;
				GCC_WARN_UNUSED_FUNCTION = YES;
				GCC_WARN_UNUSED_VARIABLE = YES;
				IPHONEOS_DEPLOYMENT_TARGET = 10.3;
				MTL_ENABLE_DEBUG_INFO = NO;
				SDKROOT = iphoneos;
				SWIFT_OPTIMIZATION_LEVEL = "-Owholemodule";
				TARGETED_DEVICE_FAMILY = "1,2";
				VALIDATE_PRODUCT = YES;
			};
			name = Release;
		};
		84D79ECC1FF3758100D26134 /* Debug */ = {
			isa = XCBuildConfiguration;
			baseConfigurationReference = 0AC387EC8C848F7FCBE075DF /* Pods-FunBook.debug.xcconfig */;
			buildSettings = {
				ASSETCATALOG_COMPILER_APPICON_NAME = AppIcon;
				DEVELOPMENT_TEAM = Z8HU92LYAQ;
				INFOPLIST_FILE = FunBook/Info.plist;
				LD_RUNPATH_SEARCH_PATHS = "$(inherited) @executable_path/Frameworks";
				PRODUCT_BUNDLE_IDENTIFIER = com.techximum.FunBook;
				PRODUCT_NAME = "$(TARGET_NAME)";
				SWIFT_VERSION = 3.0;
			};
			name = Debug;
		};
		84D79ECD1FF3758100D26134 /* Release */ = {
			isa = XCBuildConfiguration;
			baseConfigurationReference = DA30EF44FBE6F426CFBEA044 /* Pods-FunBook.release.xcconfig */;
			buildSettings = {
				ASSETCATALOG_COMPILER_APPICON_NAME = AppIcon;
				DEVELOPMENT_TEAM = Z8HU92LYAQ;
				INFOPLIST_FILE = FunBook/Info.plist;
				LD_RUNPATH_SEARCH_PATHS = "$(inherited) @executable_path/Frameworks";
				PRODUCT_BUNDLE_IDENTIFIER = com.techximum.FunBook;
				PRODUCT_NAME = "$(TARGET_NAME)";
				SWIFT_VERSION = 3.0;
			};
			name = Release;
		};
/* End XCBuildConfiguration section */

/* Begin XCConfigurationList section */
		84D79EB41FF3758100D26134 /* Build configuration list for PBXProject "FunBook" */ = {
			isa = XCConfigurationList;
			buildConfigurations = (
				84D79EC91FF3758100D26134 /* Debug */,
				84D79ECA1FF3758100D26134 /* Release */,
			);
			defaultConfigurationIsVisible = 0;
			defaultConfigurationName = Release;
		};
		84D79ECB1FF3758100D26134 /* Build configuration list for PBXNativeTarget "FunBook" */ = {
			isa = XCConfigurationList;
			buildConfigurations = (
				84D79ECC1FF3758100D26134 /* Debug */,
				84D79ECD1FF3758100D26134 /* Release */,
			);
			defaultConfigurationIsVisible = 0;
		};
/* End XCConfigurationList section */
	};
	rootObject = 84D79EB11FF3758100D26134 /* Project object */;
}
